// !$*UTF8*$!
{
	archiveVersion = 1;
	classes = {
	};
	objectVersion = 56;
	objects = {

/* Begin PBXBuildFile section */
		0502BEB22B978220006B6433 /* SearchViewController.storyboard in Resources */ = {isa = PBXBuildFile; fileRef = 0502BEB02B978220006B6433 /* SearchViewController.storyboard */; };
		0502BEB42B978281006B6433 /* SettingsViewController.storyboard in Resources */ = {isa = PBXBuildFile; fileRef = 0502BEB32B978281006B6433 /* SettingsViewController.storyboard */; };
		0502BEB62B9783A0006B6433 /* User.swift in Sources */ = {isa = PBXBuildFile; fileRef = 0502BEB52B9783A0006B6433 /* User.swift */; };
		0502BEB82B9783AF006B6433 /* Event.swift in Sources */ = {isa = PBXBuildFile; fileRef = 0502BEB72B9783AF006B6433 /* Event.swift */; };
		0502BEBB2B9783CB006B6433 /* DataStore.swift in Sources */ = {isa = PBXBuildFile; fileRef = 0502BEBA2B9783CB006B6433 /* DataStore.swift */; };
		0502BEBD2B97844E006B6433 /* ResultViewController.swift in Sources */ = {isa = PBXBuildFile; fileRef = 0502BEBC2B97844E006B6433 /* ResultViewController.swift */; };
		05192D7B2B99F5EF000FE5ED /* EventSearchable.swift in Sources */ = {isa = PBXBuildFile; fileRef = 05192D7A2B99F5EF000FE5ED /* EventSearchable.swift */; };
		057C474A2B97495100EAF225 /* AppDelegate.swift in Sources */ = {isa = PBXBuildFile; fileRef = 057C47492B97495100EAF225 /* AppDelegate.swift */; };
		057C474C2B97495100EAF225 /* SceneDelegate.swift in Sources */ = {isa = PBXBuildFile; fileRef = 057C474B2B97495100EAF225 /* SceneDelegate.swift */; };
		057C474E2B97495100EAF225 /* LoginViewController.swift in Sources */ = {isa = PBXBuildFile; fileRef = 057C474D2B97495100EAF225 /* LoginViewController.swift */; };
		057C47512B97495100EAF225 /* LoginViewController.storyboard in Resources */ = {isa = PBXBuildFile; fileRef = 057C474F2B97495100EAF225 /* LoginViewController.storyboard */; };
		057C47532B97495200EAF225 /* Assets.xcassets in Resources */ = {isa = PBXBuildFile; fileRef = 057C47522B97495200EAF225 /* Assets.xcassets */; };
		057C47562B97495200EAF225 /* LaunchScreen.storyboard in Resources */ = {isa = PBXBuildFile; fileRef = 057C47542B97495200EAF225 /* LaunchScreen.storyboard */; };
		057C47732B97593800EAF225 /* TabBarViewController.swift in Sources */ = {isa = PBXBuildFile; fileRef = 057C47722B97593800EAF225 /* TabBarViewController.swift */; };
		059728102B975DAC0079EF04 /* SearchViewController.swift in Sources */ = {isa = PBXBuildFile; fileRef = 0597280F2B975DAC0079EF04 /* SearchViewController.swift */; };
		059728142B975E2E0079EF04 /* SettingsViewController.swift in Sources */ = {isa = PBXBuildFile; fileRef = 059728132B975E2E0079EF04 /* SettingsViewController.swift */; };
		0597281C2B97809E0079EF04 /* WelcomeViewController.storyboard in Resources */ = {isa = PBXBuildFile; fileRef = 0597281A2B97809E0079EF04 /* WelcomeViewController.storyboard */; };
		05B694A72B988050003A92B1 /* ShowAlert + UIViewController.swift in Sources */ = {isa = PBXBuildFile; fileRef = 05B694A62B988050003A92B1 /* ShowAlert + UIViewController.swift */; };
		4F289E642B9A7E9500A5EDC6 /* WelcomeViewController.swift in Sources */ = {isa = PBXBuildFile; fileRef = 4F289E632B9A7E9500A5EDC6 /* WelcomeViewController.swift */; };
/* End PBXBuildFile section */

/* Begin PBXFileReference section */
		0502BEB12B978220006B6433 /* Base */ = {isa = PBXFileReference; lastKnownFileType = file.storyboard; name = Base; path = Efemerides/Storyboards/Base.lproj/SearchViewController.storyboard; sourceTree = "<group>"; };
		0502BEB32B978281006B6433 /* SettingsViewController.storyboard */ = {isa = PBXFileReference; fileEncoding = 4; lastKnownFileType = file.storyboard; path = SettingsViewController.storyboard; sourceTree = "<group>"; };
		0502BEB52B9783A0006B6433 /* User.swift */ = {isa = PBXFileReference; lastKnownFileType = sourcecode.swift; path = User.swift; sourceTree = "<group>"; };
		0502BEB72B9783AF006B6433 /* Event.swift */ = {isa = PBXFileReference; lastKnownFileType = sourcecode.swift; path = Event.swift; sourceTree = "<group>"; };
		0502BEBA2B9783CB006B6433 /* DataStore.swift */ = {isa = PBXFileReference; lastKnownFileType = sourcecode.swift; path = DataStore.swift; sourceTree = "<group>"; };
		0502BEBC2B97844E006B6433 /* ResultViewController.swift */ = {isa = PBXFileReference; lastKnownFileType = sourcecode.swift; path = ResultViewController.swift; sourceTree = "<group>"; };
		05192D7A2B99F5EF000FE5ED /* EventSearchable.swift */ = {isa = PBXFileReference; lastKnownFileType = sourcecode.swift; path = EventSearchable.swift; sourceTree = "<group>"; };
		057C47462B97495100EAF225 /* Efemerides.app */ = {isa = PBXFileReference; explicitFileType = wrapper.application; includeInIndex = 0; path = Efemerides.app; sourceTree = BUILT_PRODUCTS_DIR; };
		057C47492B97495100EAF225 /* AppDelegate.swift */ = {isa = PBXFileReference; lastKnownFileType = sourcecode.swift; path = AppDelegate.swift; sourceTree = "<group>"; };
		057C474B2B97495100EAF225 /* SceneDelegate.swift */ = {isa = PBXFileReference; lastKnownFileType = sourcecode.swift; path = SceneDelegate.swift; sourceTree = "<group>"; };
		057C474D2B97495100EAF225 /* LoginViewController.swift */ = {isa = PBXFileReference; lastKnownFileType = sourcecode.swift; path = LoginViewController.swift; sourceTree = "<group>"; };
		057C47502B97495100EAF225 /* Base */ = {isa = PBXFileReference; lastKnownFileType = file.storyboard; name = Base; path = Base.lproj/LoginViewController.storyboard; sourceTree = "<group>"; };
		057C47522B97495200EAF225 /* Assets.xcassets */ = {isa = PBXFileReference; lastKnownFileType = folder.assetcatalog; path = Assets.xcassets; sourceTree = "<group>"; };
		057C47552B97495200EAF225 /* Base */ = {isa = PBXFileReference; lastKnownFileType = file.storyboard; name = Base; path = Base.lproj/LaunchScreen.storyboard; sourceTree = "<group>"; };
		057C47572B97495200EAF225 /* Info.plist */ = {isa = PBXFileReference; lastKnownFileType = text.plist.xml; path = Info.plist; sourceTree = "<group>"; };
		057C47722B97593800EAF225 /* TabBarViewController.swift */ = {isa = PBXFileReference; lastKnownFileType = sourcecode.swift; path = TabBarViewController.swift; sourceTree = "<group>"; };
		0597280F2B975DAC0079EF04 /* SearchViewController.swift */ = {isa = PBXFileReference; lastKnownFileType = sourcecode.swift; path = SearchViewController.swift; sourceTree = "<group>"; };
		059728132B975E2E0079EF04 /* SettingsViewController.swift */ = {isa = PBXFileReference; lastKnownFileType = sourcecode.swift; path = SettingsViewController.swift; sourceTree = "<group>"; };
		0597281B2B97809E0079EF04 /* Base */ = {isa = PBXFileReference; lastKnownFileType = file.storyboard; name = Base; path = Efemerides/Storyboards/Base.lproj/WelcomeViewController.storyboard; sourceTree = "<group>"; };
		05B694A62B988050003A92B1 /* ShowAlert + UIViewController.swift */ = {isa = PBXFileReference; lastKnownFileType = sourcecode.swift; path = "ShowAlert + UIViewController.swift"; sourceTree = "<group>"; };
		4F289E632B9A7E9500A5EDC6 /* WelcomeViewController.swift */ = {isa = PBXFileReference; fileEncoding = 4; lastKnownFileType = sourcecode.swift; path = WelcomeViewController.swift; sourceTree = "<group>"; };
/* End PBXFileReference section */

/* Begin PBXFrameworksBuildPhase section */
		057C47432B97495100EAF225 /* Frameworks */ = {
			isa = PBXFrameworksBuildPhase;
			buildActionMask = 2147483647;
			files = (
			);
			runOnlyForDeploymentPostprocessing = 0;
		};
/* End PBXFrameworksBuildPhase section */

/* Begin PBXGroup section */
		0502BEB92B9783B7006B6433 /* Services */ = {
			isa = PBXGroup;
			children = (
				0502BEBA2B9783CB006B6433 /* DataStore.swift */,
			);
			path = Services;
			sourceTree = "<group>";
		};
		0502BEBE2B97846F006B6433 /* Login */ = {
			isa = PBXGroup;
			children = (
				057C474D2B97495100EAF225 /* LoginViewController.swift */,
				057C47722B97593800EAF225 /* TabBarViewController.swift */,
			);
			path = Login;
			sourceTree = "<group>";
		};
		0502BEBF2B978486006B6433 /* Welcome */ = {
			isa = PBXGroup;
			children = (
				4F289E632B9A7E9500A5EDC6 /* WelcomeViewController.swift */,
			);
			path = Welcome;
			sourceTree = "<group>";
		};
		0502BEC02B978499006B6433 /* Search */ = {
			isa = PBXGroup;
			children = (
				0597280F2B975DAC0079EF04 /* SearchViewController.swift */,
				0502BEBC2B97844E006B6433 /* ResultViewController.swift */,
			);
			path = Search;
			sourceTree = "<group>";
		};
		0502BEC12B9784A8006B6433 /* Settings */ = {
			isa = PBXGroup;
			children = (
				059728132B975E2E0079EF04 /* SettingsViewController.swift */,
			);
			path = Settings;
			sourceTree = "<group>";
		};
		05192D792B99F5D9000FE5ED /* Protocols */ = {
			isa = PBXGroup;
			children = (
				05192D7A2B99F5EF000FE5ED /* EventSearchable.swift */,
			);
			path = Protocols;
			sourceTree = "<group>";
		};
		057C473D2B97495100EAF225 = {
			isa = PBXGroup;
			children = (
				057C47482B97495100EAF225 /* Efemerides */,
				057C47472B97495100EAF225 /* Products */,
			);
			sourceTree = "<group>";
		};
		057C47472B97495100EAF225 /* Products */ = {
			isa = PBXGroup;
			children = (
				057C47462B97495100EAF225 /* Efemerides.app */,
			);
			name = Products;
			sourceTree = "<group>";
		};
		057C47482B97495100EAF225 /* Efemerides */ = {
			isa = PBXGroup;
			children = (
				057C475E2B9749A000EAF225 /* ViewControllers */,
				057C475D2B97498D00EAF225 /* Storyboards */,
				057C47602B974A2D00EAF225 /* Modals */,
				0502BEB92B9783B7006B6433 /* Services */,
				05B694A52B988039003A92B1 /* Extensions */,
				05192D792B99F5D9000FE5ED /* Protocols */,
				057C475F2B9749C700EAF225 /* Configurations */,
				057C47522B97495200EAF225 /* Assets.xcassets */,
			);
			path = Efemerides;
			sourceTree = "<group>";
		};
		057C475D2B97498D00EAF225 /* Storyboards */ = {
			isa = PBXGroup;
			children = (
				057C474F2B97495100EAF225 /* LoginViewController.storyboard */,
				0597281A2B97809E0079EF04 /* WelcomeViewController.storyboard */,
				0502BEB02B978220006B6433 /* SearchViewController.storyboard */,
				0502BEB32B978281006B6433 /* SettingsViewController.storyboard */,
				057C47542B97495200EAF225 /* LaunchScreen.storyboard */,
			);
			path = Storyboards;
			sourceTree = "<group>";
		};
		057C475E2B9749A000EAF225 /* ViewControllers */ = {
			isa = PBXGroup;
			children = (
				0502BEBE2B97846F006B6433 /* Login */,
				0502BEBF2B978486006B6433 /* Welcome */,
				0502BEC02B978499006B6433 /* Search */,
				0502BEC12B9784A8006B6433 /* Settings */,
			);
			path = ViewControllers;
			sourceTree = "<group>";
		};
		057C475F2B9749C700EAF225 /* Configurations */ = {
			isa = PBXGroup;
			children = (
				057C47492B97495100EAF225 /* AppDelegate.swift */,
				057C474B2B97495100EAF225 /* SceneDelegate.swift */,
				057C47572B97495200EAF225 /* Info.plist */,
			);
			path = Configurations;
			sourceTree = "<group>";
		};
		057C47602B974A2D00EAF225 /* Modals */ = {
			isa = PBXGroup;
			children = (
				0502BEB52B9783A0006B6433 /* User.swift */,
				0502BEB72B9783AF006B6433 /* Event.swift */,
			);
			path = Modals;
			sourceTree = "<group>";
		};
		05B694A52B988039003A92B1 /* Extensions */ = {
			isa = PBXGroup;
			children = (
				05B694A62B988050003A92B1 /* ShowAlert + UIViewController.swift */,
			);
			path = Extensions;
			sourceTree = "<group>";
		};
/* End PBXGroup section */

/* Begin PBXNativeTarget section */
		057C47452B97495100EAF225 /* Efemerides */ = {
			isa = PBXNativeTarget;
			buildConfigurationList = 057C475A2B97495200EAF225 /* Build configuration list for PBXNativeTarget "Efemerides" */;
			buildPhases = (
				057C47422B97495100EAF225 /* Sources */,
				057C47432B97495100EAF225 /* Frameworks */,
				057C47442B97495100EAF225 /* Resources */,
			);
			buildRules = (
			);
			dependencies = (
			);
			name = Efemerides;
			productName = Efemerides;
			productReference = 057C47462B97495100EAF225 /* Efemerides.app */;
			productType = "com.apple.product-type.application";
		};
/* End PBXNativeTarget section */

/* Begin PBXProject section */
		057C473E2B97495100EAF225 /* Project object */ = {
			isa = PBXProject;
			attributes = {
				BuildIndependentTargetsInParallel = 1;
				LastSwiftUpdateCheck = 1520;
				LastUpgradeCheck = 1520;
				TargetAttributes = {
					057C47452B97495100EAF225 = {
						CreatedOnToolsVersion = 15.2;
					};
				};
			};
			buildConfigurationList = 057C47412B97495100EAF225 /* Build configuration list for PBXProject "Efemerides" */;
			compatibilityVersion = "Xcode 14.0";
			developmentRegion = en;
			hasScannedForEncodings = 0;
			knownRegions = (
				en,
				Base,
			);
			mainGroup = 057C473D2B97495100EAF225;
			productRefGroup = 057C47472B97495100EAF225 /* Products */;
			projectDirPath = "";
			projectRoot = "";
			targets = (
				057C47452B97495100EAF225 /* Efemerides */,
			);
		};
/* End PBXProject section */

/* Begin PBXResourcesBuildPhase section */
		057C47442B97495100EAF225 /* Resources */ = {
			isa = PBXResourcesBuildPhase;
			buildActionMask = 2147483647;
			files = (
				057C47562B97495200EAF225 /* LaunchScreen.storyboard in Resources */,
				057C47532B97495200EAF225 /* Assets.xcassets in Resources */,
				0597281C2B97809E0079EF04 /* WelcomeViewController.storyboard in Resources */,
				0502BEB22B978220006B6433 /* SearchViewController.storyboard in Resources */,
				0502BEB42B978281006B6433 /* SettingsViewController.storyboard in Resources */,
				057C47512B97495100EAF225 /* LoginViewController.storyboard in Resources */,
			);
			runOnlyForDeploymentPostprocessing = 0;
		};
/* End PBXResourcesBuildPhase section */

/* Begin PBXSourcesBuildPhase section */
		057C47422B97495100EAF225 /* Sources */ = {
			isa = PBXSourcesBuildPhase;
			buildActionMask = 2147483647;
			files = (
				059728102B975DAC0079EF04 /* SearchViewController.swift in Sources */,
				0502BEB82B9783AF006B6433 /* Event.swift in Sources */,
				05192D7B2B99F5EF000FE5ED /* EventSearchable.swift in Sources */,
				057C47732B97593800EAF225 /* TabBarViewController.swift in Sources */,
				0502BEBB2B9783CB006B6433 /* DataStore.swift in Sources */,
				059728142B975E2E0079EF04 /* SettingsViewController.swift in Sources */,
				0502BEB62B9783A0006B6433 /* User.swift in Sources */,
				057C474E2B97495100EAF225 /* LoginViewController.swift in Sources */,
				057C474A2B97495100EAF225 /* AppDelegate.swift in Sources */,
				057C474C2B97495100EAF225 /* SceneDelegate.swift in Sources */,
				05B694A72B988050003A92B1 /* ShowAlert + UIViewController.swift in Sources */,
				0502BEBD2B97844E006B6433 /* ResultViewController.swift in Sources */,
				4F289E642B9A7E9500A5EDC6 /* WelcomeViewController.swift in Sources */,
			);
			runOnlyForDeploymentPostprocessing = 0;
		};
/* End PBXSourcesBuildPhase section */

/* Begin PBXVariantGroup section */
		0502BEB02B978220006B6433 /* SearchViewController.storyboard */ = {
			isa = PBXVariantGroup;
			children = (
				0502BEB12B978220006B6433 /* Base */,
			);
			name = SearchViewController.storyboard;
			sourceTree = "<group>";
		};
		057C474F2B97495100EAF225 /* LoginViewController.storyboard */ = {
			isa = PBXVariantGroup;
			children = (
				057C47502B97495100EAF225 /* Base */,
			);
			name = LoginViewController.storyboard;
			sourceTree = "<group>";
		};
		057C47542B97495200EAF225 /* LaunchScreen.storyboard */ = {
			isa = PBXVariantGroup;
			children = (
				057C47552B97495200EAF225 /* Base */,
			);
			name = LaunchScreen.storyboard;
			sourceTree = "<group>";
		};
		0597281A2B97809E0079EF04 /* WelcomeViewController.storyboard */ = {
			isa = PBXVariantGroup;
			children = (
				0597281B2B97809E0079EF04 /* Base */,
			);
			name = WelcomeViewController.storyboard;
			sourceTree = "<group>";
		};
/* End PBXVariantGroup section */

/* Begin XCBuildConfiguration section */
		057C47582B97495200EAF225 /* Debug */ = {
			isa = XCBuildConfiguration;
			buildSettings = {
				ALWAYS_SEARCH_USER_PATHS = NO;
				ASSETCATALOG_COMPILER_GENERATE_SWIFT_ASSET_SYMBOL_EXTENSIONS = YES;
				CLANG_ANALYZER_NONNULL = YES;
				CLANG_ANALYZER_NUMBER_OBJECT_CONVERSION = YES_AGGRESSIVE;
				CLANG_CXX_LANGUAGE_STANDARD = "gnu++20";
				CLANG_ENABLE_MODULES = YES;
				CLANG_ENABLE_OBJC_ARC = YES;
				CLANG_ENABLE_OBJC_WEAK = YES;
				CLANG_WARN_BLOCK_CAPTURE_AUTORELEASING = YES;
				CLANG_WARN_BOOL_CONVERSION = YES;
				CLANG_WARN_COMMA = YES;
				CLANG_WARN_CONSTANT_CONVERSION = YES;
				CLANG_WARN_DEPRECATED_OBJC_IMPLEMENTATIONS = YES;
				CLANG_WARN_DIRECT_OBJC_ISA_USAGE = YES_ERROR;
				CLANG_WARN_DOCUMENTATION_COMMENTS = YES;
				CLANG_WARN_EMPTY_BODY = YES;
				CLANG_WARN_ENUM_CONVERSION = YES;
				CLANG_WARN_INFINITE_RECURSION = YES;
				CLANG_WARN_INT_CONVERSION = YES;
				CLANG_WARN_NON_LITERAL_NULL_CONVERSION = YES;
				CLANG_WARN_OBJC_IMPLICIT_RETAIN_SELF = YES;
				CLANG_WARN_OBJC_LITERAL_CONVERSION = YES;
				CLANG_WARN_OBJC_ROOT_CLASS = YES_ERROR;
				CLANG_WARN_QUOTED_INCLUDE_IN_FRAMEWORK_HEADER = YES;
				CLANG_WARN_RANGE_LOOP_ANALYSIS = YES;
				CLANG_WARN_STRICT_PROTOTYPES = YES;
				CLANG_WARN_SUSPICIOUS_MOVE = YES;
				CLANG_WARN_UNGUARDED_AVAILABILITY = YES_AGGRESSIVE;
				CLANG_WARN_UNREACHABLE_CODE = YES;
				CLANG_WARN__DUPLICATE_METHOD_MATCH = YES;
				COPY_PHASE_STRIP = NO;
				DEBUG_INFORMATION_FORMAT = dwarf;
				ENABLE_STRICT_OBJC_MSGSEND = YES;
				ENABLE_TESTABILITY = YES;
				ENABLE_USER_SCRIPT_SANDBOXING = YES;
				GCC_C_LANGUAGE_STANDARD = gnu17;
				GCC_DYNAMIC_NO_PIC = NO;
				GCC_NO_COMMON_BLOCKS = YES;
				GCC_OPTIMIZATION_LEVEL = 0;
				GCC_PREPROCESSOR_DEFINITIONS = (
					"DEBUG=1",
					"$(inherited)",
				);
				GCC_WARN_64_TO_32_BIT_CONVERSION = YES;
				GCC_WARN_ABOUT_RETURN_TYPE = YES_ERROR;
				GCC_WARN_UNDECLARED_SELECTOR = YES;
				GCC_WARN_UNINITIALIZED_AUTOS = YES_AGGRESSIVE;
				GCC_WARN_UNUSED_FUNCTION = YES;
				GCC_WARN_UNUSED_VARIABLE = YES;
				IPHONEOS_DEPLOYMENT_TARGET = 17.2;
				LOCALIZATION_PREFERS_STRING_CATALOGS = YES;
				MTL_ENABLE_DEBUG_INFO = INCLUDE_SOURCE;
				MTL_FAST_MATH = YES;
				ONLY_ACTIVE_ARCH = YES;
				SDKROOT = iphoneos;
				SWIFT_ACTIVE_COMPILATION_CONDITIONS = "DEBUG $(inherited)";
				SWIFT_OPTIMIZATION_LEVEL = "-Onone";
			};
			name = Debug;
		};
		057C47592B97495200EAF225 /* Release */ = {
			isa = XCBuildConfiguration;
			buildSettings = {
				ALWAYS_SEARCH_USER_PATHS = NO;
				ASSETCATALOG_COMPILER_GENERATE_SWIFT_ASSET_SYMBOL_EXTENSIONS = YES;
				CLANG_ANALYZER_NONNULL = YES;
				CLANG_ANALYZER_NUMBER_OBJECT_CONVERSION = YES_AGGRESSIVE;
				CLANG_CXX_LANGUAGE_STANDARD = "gnu++20";
				CLANG_ENABLE_MODULES = YES;
				CLANG_ENABLE_OBJC_ARC = YES;
				CLANG_ENABLE_OBJC_WEAK = YES;
				CLANG_WARN_BLOCK_CAPTURE_AUTORELEASING = YES;
				CLANG_WARN_BOOL_CONVERSION = YES;
				CLANG_WARN_COMMA = YES;
				CLANG_WARN_CONSTANT_CONVERSION = YES;
				CLANG_WARN_DEPRECATED_OBJC_IMPLEMENTATIONS = YES;
				CLANG_WARN_DIRECT_OBJC_ISA_USAGE = YES_ERROR;
				CLANG_WARN_DOCUMENTATION_COMMENTS = YES;
				CLANG_WARN_EMPTY_BODY = YES;
				CLANG_WARN_ENUM_CONVERSION = YES;
				CLANG_WARN_INFINITE_RECURSION = YES;
				CLANG_WARN_INT_CONVERSION = YES;
				CLANG_WARN_NON_LITERAL_NULL_CONVERSION = YES;
				CLANG_WARN_OBJC_IMPLICIT_RETAIN_SELF = YES;
				CLANG_WARN_OBJC_LITERAL_CONVERSION = YES;
				CLANG_WARN_OBJC_ROOT_CLASS = YES_ERROR;
				CLANG_WARN_QUOTED_INCLUDE_IN_FRAMEWORK_HEADER = YES;
				CLANG_WARN_RANGE_LOOP_ANALYSIS = YES;
				CLANG_WARN_STRICT_PROTOTYPES = YES;
				CLANG_WARN_SUSPICIOUS_MOVE = YES;
				CLANG_WARN_UNGUARDED_AVAILABILITY = YES_AGGRESSIVE;
				CLANG_WARN_UNREACHABLE_CODE = YES;
				CLANG_WARN__DUPLICATE_METHOD_MATCH = YES;
				COPY_PHASE_STRIP = NO;
				DEBUG_INFORMATION_FORMAT = "dwarf-with-dsym";
				ENABLE_NS_ASSERTIONS = NO;
				ENABLE_STRICT_OBJC_MSGSEND = YES;
				ENABLE_USER_SCRIPT_SANDBOXING = YES;
				GCC_C_LANGUAGE_STANDARD = gnu17;
				GCC_NO_COMMON_BLOCKS = YES;
				GCC_WARN_64_TO_32_BIT_CONVERSION = YES;
				GCC_WARN_ABOUT_RETURN_TYPE = YES_ERROR;
				GCC_WARN_UNDECLARED_SELECTOR = YES;
				GCC_WARN_UNINITIALIZED_AUTOS = YES_AGGRESSIVE;
				GCC_WARN_UNUSED_FUNCTION = YES;
				GCC_WARN_UNUSED_VARIABLE = YES;
				IPHONEOS_DEPLOYMENT_TARGET = 17.2;
				LOCALIZATION_PREFERS_STRING_CATALOGS = YES;
				MTL_ENABLE_DEBUG_INFO = NO;
				MTL_FAST_MATH = YES;
				SDKROOT = iphoneos;
				SWIFT_COMPILATION_MODE = wholemodule;
				VALIDATE_PRODUCT = YES;
			};
			name = Release;
		};
		057C475B2B97495200EAF225 /* Debug */ = {
			isa = XCBuildConfiguration;
			buildSettings = {
				ASSETCATALOG_COMPILER_APPICON_NAME = AppIcon;
				ASSETCATALOG_COMPILER_GLOBAL_ACCENT_COLOR_NAME = AccentColor;
				CODE_SIGN_STYLE = Automatic;
				CURRENT_PROJECT_VERSION = 1;
				DEVELOPMENT_TEAM = AM64M5A8BU;
				GENERATE_INFOPLIST_FILE = YES;
				INFOPLIST_FILE = Efemerides/Configurations/Info.plist;
				INFOPLIST_KEY_CFBundleDisplayName = Efemerides;
				INFOPLIST_KEY_UIApplicationSupportsIndirectInputEvents = YES;
				INFOPLIST_KEY_UILaunchStoryboardName = LaunchScreen;
				INFOPLIST_KEY_UIMainStoryboardFile = LoginViewController;
				INFOPLIST_KEY_UIStatusBarStyle = "";
				INFOPLIST_KEY_UISupportedInterfaceOrientations = UIInterfaceOrientationPortrait;
				INFOPLIST_KEY_UISupportedInterfaceOrientations_iPad = "UIInterfaceOrientationLandscapeLeft UIInterfaceOrientationLandscapeRight UIInterfaceOrientationPortrait UIInterfaceOrientationPortraitUpsideDown";
				LD_RUNPATH_SEARCH_PATHS = (
					"$(inherited)",
					"@executable_path/Frameworks",
				);
				MARKETING_VERSION = 1.0;
				PRODUCT_BUNDLE_IDENTIFIER = CarlosAidanaDenis.Efemerides;
				PRODUCT_NAME = "$(TARGET_NAME)";
				SUPPORTED_PLATFORMS = "iphoneos iphonesimulator";
				SUPPORTS_MACCATALYST = NO;
				SUPPORTS_MAC_DESIGNED_FOR_IPHONE_IPAD = NO;
				SUPPORTS_XR_DESIGNED_FOR_IPHONE_IPAD = NO;
				SWIFT_EMIT_LOC_STRINGS = YES;
				SWIFT_VERSION = 5.0;
				TARGETED_DEVICE_FAMILY = 1;
			};
			name = Debug;
		};
		057C475C2B97495200EAF225 /* Release */ = {
			isa = XCBuildConfiguration;
			buildSettings = {
				ASSETCATALOG_COMPILER_APPICON_NAME = AppIcon;
				ASSETCATALOG_COMPILER_GLOBAL_ACCENT_COLOR_NAME = AccentColor;
				CODE_SIGN_STYLE = Automatic;
				CURRENT_PROJECT_VERSION = 1;
				DEVELOPMENT_TEAM = AM64M5A8BU;
				GENERATE_INFOPLIST_FILE = YES;
				INFOPLIST_FILE = Efemerides/Configurations/Info.plist;
				INFOPLIST_KEY_CFBundleDisplayName = Efemerides;
				INFOPLIST_KEY_UIApplicationSupportsIndirectInputEvents = YES;
				INFOPLIST_KEY_UILaunchStoryboardName = LaunchScreen;
				INFOPLIST_KEY_UIMainStoryboardFile = LoginViewController;
				INFOPLIST_KEY_UIStatusBarStyle = "";
				INFOPLIST_KEY_UISupportedInterfaceOrientations = UIInterfaceOrientationPortrait;
				INFOPLIST_KEY_UISupportedInterfaceOrientations_iPad = "UIInterfaceOrientationLandscapeLeft UIInterfaceOrientationLandscapeRight UIInterfaceOrientationPortrait UIInterfaceOrientationPortraitUpsideDown";
				LD_RUNPATH_SEARCH_PATHS = (
					"$(inherited)",
					"@executable_path/Frameworks",
				);
				MARKETING_VERSION = 1.0;
				PRODUCT_BUNDLE_IDENTIFIER = CarlosAidanaDenis.Efemerides;
				PRODUCT_NAME = "$(TARGET_NAME)";
				SUPPORTED_PLATFORMS = "iphoneos iphonesimulator";
				SUPPORTS_MACCATALYST = NO;
				SUPPORTS_MAC_DESIGNED_FOR_IPHONE_IPAD = NO;
				SUPPORTS_XR_DESIGNED_FOR_IPHONE_IPAD = NO;
				SWIFT_EMIT_LOC_STRINGS = YES;
				SWIFT_VERSION = 5.0;
				TARGETED_DEVICE_FAMILY = 1;
			};
			name = Release;
		};
/* End XCBuildConfiguration section */

/* Begin XCConfigurationList section */
		057C47412B97495100EAF225 /* Build configuration list for PBXProject "Efemerides" */ = {
			isa = XCConfigurationList;
			buildConfigurations = (
				057C47582B97495200EAF225 /* Debug */,
				057C47592B97495200EAF225 /* Release */,
			);
			defaultConfigurationIsVisible = 0;
			defaultConfigurationName = Release;
		};
		057C475A2B97495200EAF225 /* Build configuration list for PBXNativeTarget "Efemerides" */ = {
			isa = XCConfigurationList;
			buildConfigurations = (
				057C475B2B97495200EAF225 /* Debug */,
				057C475C2B97495200EAF225 /* Release */,
			);
			defaultConfigurationIsVisible = 0;
			defaultConfigurationName = Release;
		};
/* End XCConfigurationList section */
	};
	rootObject = 057C473E2B97495100EAF225 /* Project object */;
}
